
Microsoft Visual Studio Solution File, Format Version 12.00
# Visual Studio Version 16
VisualStudioVersion = 16.0.29424.173
MinimumVisualStudioVersion = 10.0.40219.1
Project("{8BC9CEB8-8B4A-11D0-8D11-00A0C91BC942}") = "cpp list iterator test", "cpp list iterator test.vcxproj", "{1FC2DBAF-D4EE-48DE-B5D0-D78CD36ECAE7}"
EndProject
Global
	GlobalSection(SolutionConfigurationPlatforms) = preSolution
		Debug|x64 = Debug|x64
		Debug|x86 = Debug|x86
		Release|x64 = Release|x64
		Release|x86 = Release|x86
	EndGlobalSection
	GlobalSection(ProjectConfigurationPlatforms) = postSolution
		{1FC2DBAF-D4EE-48DE-B5D0-D78CD36ECAE7}.Debug|x64.ActiveCfg = Debug|x64
		{1FC2DBAF-D4EE-48DE-B5D0-D78CD36ECAE7}.Debug|x64.Build.0 = Debug|x64
		{1FC2DBAF-D4EE-48DE-B5D0-D78CD36ECAE7}.Debug|x86.ActiveCfg = Debug|Win32
		{1FC2DBAF-D4EE-48DE-B5D0-D78CD36ECAE7}.Debug|x86.Build.0 = Debug|Win32
		{1FC2DBAF-D4EE-48DE-B5D0-D78CD36ECAE7}.Release|x64.ActiveCfg = Release|x64
		{1FC2DBAF-D4EE-48DE-B5D0-D78CD36ECAE7}.Release|x64.Build.0 = Release|x64
		{1FC2DBAF-D4EE-48DE-B5D0-D78CD36ECAE7}.Release|x86.ActiveCfg = Release|Win32
		{1FC2DBAF-D4EE-48DE-B5D0-D78CD36ECAE7}.Release|x86.Build.0 = Release|Win32
	EndGlobalSection
	GlobalSection(SolutionProperties) = preSolution
		HideSolutionNode = FALSE
	EndGlobalSection
	GlobalSection(ExtensibilityGlobals) = postSolution
		SolutionGuid = {91CF885F-DB8F-46CD-93B3-F541896DAA6B}
	EndGlobalSection
EndGlobal
